{
  "name": "postleaf",
  "version": "1.0.0-beta.1",
  "lockfileVersion": 1,
  "requires": true,
  "dependencies": {
    "@claviska/jquery-ajax-submit": {
      "version": "2.0.4",
      "resolved": "https://registry.npmjs.org/@claviska/jquery-ajax-submit/-/jquery-ajax-submit-2.0.4.tgz",
      "integrity": "sha1-a2n0cbANR/z25041RoajCFhFNtw=",
      "dev": true
    },
    "@claviska/jquery-alertable": {
      "version": "1.0.2",
      "resolved": "https://registry.npmjs.org/@claviska/jquery-alertable/-/jquery-alertable-1.0.2.tgz",
      "integrity": "sha1-4ot2K5TMc2zV/ru6khTaR7LKz88=",
      "dev": true
    },
    "@claviska/jquery-animate-css": {
      "version": "1.0.3",
      "resolved": "https://registry.npmjs.org/@claviska/jquery-animate-css/-/jquery-animate-css-1.0.3.tgz",
      "integrity": "sha1-J2RbIMU584vNHfX3LDLMxOtqQsM=",
      "dev": true
    },
    "@claviska/jquery-announce": {
      "version": "1.0.0",
      "resolved": "https://registry.npmjs.org/@claviska/jquery-announce/-/jquery-announce-1.0.0.tgz",
      "integrity": "sha1-kMzd0TxHn2P+YOethlUN1r0O14M=",
      "dev": true
    },
    "@claviska/jquery-offscreen": {
      "version": "1.0.1",
      "resolved": "https://registry.npmjs.org/@claviska/jquery-offscreen/-/jquery-offscreen-1.0.1.tgz",
      "integrity": "sha1-SuPgxad6McSg0KbdSWTUoTs6wf4=",
      "dev": true
    },
    "@claviska/jquery-selectable": {
      "version": "1.0.7",
      "resolved": "https://registry.npmjs.org/@claviska/jquery-selectable/-/jquery-selectable-1.0.7.tgz",
      "integrity": "sha1-+SRcj9dERdoyuHgJ6ixXSxUSh+I=",
      "dev": true
    },
    "animate.css": {
      "version": "3.5.2",
      "resolved": "https://registry.npmjs.org/animate.css/-/animate.css-3.5.2.tgz",
      "integrity": "sha1-keZo3AaagI5eSZUUhnuXquAWbDY=",
      "dev": true
    },
    "array-flatten": {
      "version": "1.1.1",
      "resolved": "https://registry.npmjs.org/array-flatten/-/array-flatten-1.1.1.tgz",
      "integrity": "sha1-ml9pkFGx5wczKPKgCJaLZOopVdI="
    },
    "autolinker": {
      "version": "1.4.3",
      "resolved": "https://registry.npmjs.org/autolinker/-/autolinker-1.4.3.tgz",
      "integrity": "sha1-LmFQV8jjcTmabXeUmppq8k/kbfw="
    },
    "babel-preset-es2015": {
      "version": "6.24.1",
      "resolved": "https://registry.npmjs.org/babel-preset-es2015/-/babel-preset-es2015-6.24.1.tgz",
      "integrity": "sha1-1EBQ1rwsn+6nAqrzjXJ6AhBTiTk=",
      "dev": true
    },
    "bcryptjs": {
      "version": "2.4.3",
      "resolved": "https://registry.npmjs.org/bcryptjs/-/bcryptjs-2.4.3.tgz",
      "integrity": "sha1-mrVie5PmBiH/fNrF2pczAn3x0Ms="
    },
    "bluebird": {
      "version": "3.5.0",
      "resolved": "https://registry.npmjs.org/bluebird/-/bluebird-3.5.0.tgz",
      "integrity": "sha1-eRQg1/VR7qKJdFOop3ZT+WYG1nw="
    },
    "body-parser": {
      "version": "1.17.2",
      "resolved": "https://registry.npmjs.org/body-parser/-/body-parser-1.17.2.tgz",
      "integrity": "sha1-+IkqvI+eYn1Crtr7yma/WrmRBO4="
    },
    "bootstrap": {
      "version": "4.0.0-alpha.6",
      "resolved": "https://registry.npmjs.org/bootstrap/-/bootstrap-4.0.0-alpha.6.tgz",
      "integrity": "sha1-T1TdM6wN6sOyhAe8LffsYIhpycg=",
      "dev": true
    },
    "chalk": {
      "version": "1.1.3",
      "resolved": "https://registry.npmjs.org/chalk/-/chalk-1.1.3.tgz",
      "integrity": "sha1-qBFcVeSnAv5NFQq9OHKCKn4J/Jg="
    },
    "cheerio": {
      "version": "0.22.0",
      "resolved": "https://registry.npmjs.org/cheerio/-/cheerio-0.22.0.tgz",
      "integrity": "sha1-qbqoYKP5tZWmuBsahocxIe06Jp4="
    },
    "clipboard": {
      "version": "1.7.1",
      "resolved": "https://registry.npmjs.org/clipboard/-/clipboard-1.7.1.tgz",
      "integrity": "sha1-Ng1taUbpmnof7zleQrqStem1oWs=",
      "dev": true
    },
    "compression": {
      "version": "1.6.2",
      "resolved": "https://registry.npmjs.org/compression/-/compression-1.6.2.tgz",
      "integrity": "sha1-zOsSHsydCcUtetDDNQ6pPd1AK8M=",
      "dependencies": {
        "bytes": {
          "version": "2.3.0",
          "resolved": "https://registry.npmjs.org/bytes/-/bytes-2.3.0.tgz",
          "integrity": "sha1-1baAoWW2IBc5rLYRVCqrwtjOsHA="
        },
        "debug": {
          "version": "2.2.0",
          "resolved": "https://registry.npmjs.org/debug/-/debug-2.2.0.tgz",
          "integrity": "sha1-+HBX6ZWxofauaklgZkE3vFbwOdo="
        },
        "ms": {
          "version": "0.7.1",
          "resolved": "https://registry.npmjs.org/ms/-/ms-0.7.1.tgz",
          "integrity": "sha1-nNE8A62/8ltl7/3nzoZO6VIBcJg="
        }
      }
    },
    "connect-slashes": {
      "version": "1.3.1",
      "resolved": "https://registry.npmjs.org/connect-slashes/-/connect-slashes-1.3.1.tgz",
      "integrity": "sha1-ldYYMND51YU8hojwtfQ5iLGGrDc="
    },
    "cookie-parser": {
      "version": "1.4.3",
      "resolved": "https://registry.npmjs.org/cookie-parser/-/cookie-parser-1.4.3.tgz",
      "integrity": "sha1-D+MfoZ0AC5X0qt8fU/3CuKIDuqU="
    },
    "cookie-signature": {
      "version": "1.0.6",
      "resolved": "https://registry.npmjs.org/cookie-signature/-/cookie-signature-1.0.6.tgz",
      "integrity": "sha1-4wOogrNCzD7oylE6eZmXNNqzriw="
    },
    "crypto": {
      "version": "0.0.3",
      "resolved": "https://registry.npmjs.org/crypto/-/crypto-0.0.3.tgz",
      "integrity": "sha1-RwqBuGvkxe4XrMggeh9TFa4g27A="
    },
    "del": {
      "version": "2.2.2",
      "resolved": "https://registry.npmjs.org/del/-/del-2.2.2.tgz",
      "integrity": "sha1-wSyYHQZ4RshLyvhiz/kw2Qf/0ag="
    },
    "destroy": {
      "version": "1.0.4",
      "resolved": "https://registry.npmjs.org/destroy/-/destroy-1.0.4.tgz",
      "integrity": "sha1-l4hXRCxEdJ5CBmE+N5RiBYJqvYA="
    },
    "dotenv": {
      "version": "4.0.0",
      "resolved": "https://registry.npmjs.org/dotenv/-/dotenv-4.0.0.tgz",
      "integrity": "sha1-hk7xN5rO1Vzm+V3r7NzhefegzR0="
    },
    "dustjs-helpers": {
      "version": "1.7.3",
      "resolved": "https://registry.npmjs.org/dustjs-helpers/-/dustjs-helpers-1.7.3.tgz",
      "integrity": "sha1-AlE0mncyMODdZ9ws6F9Sig+5Xa0="
    },
    "dustjs-linkedin": {
      "version": "2.7.5",
      "resolved": "https://registry.npmjs.org/dustjs-linkedin/-/dustjs-linkedin-2.7.5.tgz",
      "integrity": "sha1-YY8GP3LBm3jIBVrCMBx1t7a73Mw="
    },
    "escape-html": {
      "version": "1.0.3",
      "resolved": "https://registry.npmjs.org/escape-html/-/escape-html-1.0.3.tgz",
      "integrity": "sha1-Aljq5NPQwJdN4cFpGI7wBR0dGYg="
    },
    "eslint": {
      "version": "3.19.0",
      "resolved": "https://registry.npmjs.org/eslint/-/eslint-3.19.0.tgz",
      "integrity": "sha1-yPxiAcf0DdCJQbh8CFdnOGpnmsw=",
      "dev": true
    },
    "express": {
      "version": "4.17.3",
      "resolved": "https://registry.npmjs.org/express/-/express-4.17.3.tgz",
      "integrity": "sha512-yuSQpz5I+Ch7gFrPCk4/c+dIBKlQUxtgwqzph132bsT6qhuzss6I8cLJQz7B3rFblzd6wtcI0ZbGltH/C4LjUg==",
      "requires": {
        "accepts": "~1.3.8",
        "array-flatten": "1.1.1",
        "body-parser": "1.19.2",
        "content-disposition": "0.5.4",
        "content-type": "~1.0.4",
        "cookie": "0.4.2",
        "cookie-signature": "1.0.6",
        "debug": "2.6.9",
        "depd": "~1.1.2",
        "encodeurl": "~1.0.2",
        "escape-html": "~1.0.3",
        "etag": "~1.8.1",
        "finalhandler": "~1.1.2",
        "fresh": "0.5.2",
        "merge-descriptors": "1.0.1",
        "methods": "~1.1.2",
        "on-finished": "~2.3.0",
        "parseurl": "~1.3.3",
        "path-to-regexp": "0.1.7",
        "proxy-addr": "~2.0.7",
        "qs": "6.9.7",
        "range-parser": "~1.2.1",
        "safe-buffer": "5.2.1",
        "send": "0.17.2",
        "serve-static": "1.14.2",
        "setprototypeof": "1.2.0",
        "statuses": "~1.5.0",
        "type-is": "~1.6.18",
        "utils-merge": "1.0.1",
        "vary": "~1.1.2"
      },
      "dependencies": {
        "accepts": {
          "version": "1.3.8",
          "resolved": "https://registry.npmjs.org/accepts/-/accepts-1.3.8.tgz",
          "integrity": "sha512-PYAthTa2m2VKxuvSD3DPC/Gy+U+sOA1LAuT8mkmRuvw+NACSaeXEQ+NHcVF7rONl6qcaxV3Uuemwawk+7+SJLw==",
          "requires": {
            "mime-types": "~2.1.34",
            "negotiator": "0.6.3"
          }
        },
        "body-parser": {
          "version": "1.19.2",
          "resolved": "https://registry.npmjs.org/body-parser/-/body-parser-1.19.2.tgz",
          "integrity": "sha512-SAAwOxgoCKMGs9uUAUFHygfLAyaniaoun6I8mFY9pRAJL9+Kec34aU+oIjDhTycub1jozEfEwx1W1IuOYxVSFw==",
          "requires": {
            "bytes": "3.1.2",
            "content-type": "~1.0.4",
            "debug": "2.6.9",
            "depd": "~1.1.2",
            "http-errors": "1.8.1",
            "iconv-lite": "0.4.24",
            "on-finished": "~2.3.0",
            "qs": "6.9.7",
            "raw-body": "2.4.3",
            "type-is": "~1.6.18"
          }
        },
        "bytes": {
          "version": "3.1.2",
          "resolved": "https://registry.npmjs.org/bytes/-/bytes-3.1.2.tgz",
          "integrity": "sha512-/Nf7TyzTx6S3yRJObOAV7956r8cr2+Oj8AC5dt8wSP3BQAoeX58NoHyCU8P8zGkNXStjTSi6fzO6F0pBdcYbEg=="
        },
        "content-disposition": {
          "version": "0.5.4",
          "resolved": "https://registry.npmjs.org/content-disposition/-/content-disposition-0.5.4.tgz",
          "integrity": "sha512-FveZTNuGw04cxlAiWbzi6zTAL/lhehaWbTtgluJh4/E95DqMwTmha3KZN1aAWA8cFIhHzMZUvLevkw5Rqk+tSQ==",
          "requires": {
            "safe-buffer": "5.2.1"
          }
        },
        "content-type": {
          "version": "1.0.4",
          "resolved": "https://registry.npmjs.org/content-type/-/content-type-1.0.4.tgz",
          "integrity": "sha512-hIP3EEPs8tB9AT1L+NUqtwOAps4mk2Zob89MWXMHjHWg9milF/j4osnnQLXBCBFBk/tvIG/tUc9mOUJiPBhPXA=="
        },
        "cookie": {
          "version": "0.4.2",
          "resolved": "https://registry.npmjs.org/cookie/-/cookie-0.4.2.tgz",
          "integrity": "sha512-aSWTXFzaKWkvHO1Ny/s+ePFpvKsPnjc551iI41v3ny/ow6tBG5Vd+FuqGNhh1LxOmVzOlGUriIlOaokOvhaStA=="
        },
        "debug": {
          "version": "2.6.9",
          "resolved": "https://registry.npmjs.org/debug/-/debug-2.6.9.tgz",
          "integrity": "sha512-bC7ElrdJaJnPbAP+1EotYvqZsb3ecl5wi6Bfi6BJTUcNowp6cvspg0jXznRTKDjm/E7AdgFBVeAPVMNcKGsHMA==",
          "requires": {
            "ms": "2.0.0"
          }
        },
        "depd": {
          "version": "1.1.2",
          "resolved": "https://registry.npmjs.org/depd/-/depd-1.1.2.tgz",
          "integrity": "sha512-7emPTl6Dpo6JRXOXjLRxck+FlLRX5847cLKEn00PLAgc3g2hTZZgr+e4c2v6QpSmLeFP3n5yUo7ft6avBK/5jQ=="
        },
        "encodeurl": {
          "version": "1.0.2",
          "resolved": "https://registry.npmjs.org/encodeurl/-/encodeurl-1.0.2.tgz",
          "integrity": "sha512-TPJXq8JqFaVYm2CWmPvnP2Iyo4ZSM7/QKcSmuMLDObfpH5fi7RUGmd/rTDf+rut/saiDiQEeVTNgAmJEdAOx0w=="
        },
        "etag": {
          "version": "1.8.1",
          "resolved": "https://registry.npmjs.org/etag/-/etag-1.8.1.tgz",
          "integrity": "sha512-aIL5Fx7mawVa300al2BnEE4iNvo1qETxLrPI/o05L7z6go7fCw1J6EQmbK4FmJ2AS7kgVF/KEZWufBfdClMcPg=="
        },
        "finalhandler": {
          "version": "1.1.2",
          "resolved": "https://registry.npmjs.org/finalhandler/-/finalhandler-1.1.2.tgz",
          "integrity": "sha512-aAWcW57uxVNrQZqFXjITpW3sIUQmHGG3qSb9mUah9MgMC4NeWhNOlNjXEYq3HjRAvL6arUviZGGJsBg6z0zsWA==",
          "requires": {
            "debug": "2.6.9",
            "encodeurl": "~1.0.2",
            "escape-html": "~1.0.3",
            "on-finished": "~2.3.0",
            "parseurl": "~1.3.3",
            "statuses": "~1.5.0",
            "unpipe": "~1.0.0"
          }
        },
        "forwarded": {
          "version": "0.2.0",
          "resolved": "https://registry.npmjs.org/forwarded/-/forwarded-0.2.0.tgz",
          "integrity": "sha512-buRG0fpBtRHSTCOASe6hD258tEubFoRLb4ZNA6NxMVHNw2gOcwHo9wyablzMzOA5z9xA9L1KNjk/Nt6MT9aYow=="
        },
        "fresh": {
          "version": "0.5.2",
          "resolved": "https://registry.npmjs.org/fresh/-/fresh-0.5.2.tgz",
          "integrity": "sha512-zJ2mQYM18rEFOudeV4GShTGIQ7RbzA7ozbU9I/XBpm7kqgMywgmylMwXHxZJmkVoYkna9d2pVXVXPdYTP9ej8Q=="
        },
        "http-errors": {
          "version": "1.8.1",
          "resolved": "https://registry.npmjs.org/http-errors/-/http-errors-1.8.1.tgz",
          "integrity": "sha512-Kpk9Sm7NmI+RHhnj6OIWDI1d6fIoFAtFt9RLaTMRlg/8w49juAStsrBgp0Dp4OdxdVbRIeKhtCUvoi/RuAhO4g==",
          "requires": {
            "depd": "~1.1.2",
            "inherits": "2.0.4",
            "setprototypeof": "1.2.0",
            "statuses": ">= 1.5.0 < 2",
            "toidentifier": "1.0.1"
          }
        },
        "iconv-lite": {
          "version": "0.4.24",
          "resolved": "https://registry.npmjs.org/iconv-lite/-/iconv-lite-0.4.24.tgz",
          "integrity": "sha512-v3MXnZAcvnywkTUEZomIActle7RXXeedOR31wwl7VlyoXO4Qi9arvSenNQWne1TcRwhCL1HwLI21bEqdpj8/rA==",
          "requires": {
            "safer-buffer": ">= 2.1.2 < 3"
          }
        },
        "inherits": {
          "version": "2.0.4",
          "resolved": "https://registry.npmjs.org/inherits/-/inherits-2.0.4.tgz",
          "integrity": "sha512-k/vGaX4/Yla3WzyMCvTQOXYeIHvqOKtnqBduzTHpzpQZzAskKMhZ2K+EnBiSM9zGSoIFeMpXKxa4dYeZIQqewQ=="
        },
        "ipaddr.js": {
          "version": "1.9.1",
          "resolved": "https://registry.npmjs.org/ipaddr.js/-/ipaddr.js-1.9.1.tgz",
          "integrity": "sha512-0KI/607xoxSToH7GjN1FfSbLoU0+btTicjsQSWQlh/hZykN8KpmMf7uYwPW3R+akZ6R/w18ZlXSHBYXiYUPO3g=="
        },
        "mime": {
          "version": "1.6.0",
          "resolved": "https://registry.npmjs.org/mime/-/mime-1.6.0.tgz",
          "integrity": "sha512-x0Vn8spI+wuJ1O6S7gnbaQg8Pxh4NNHb7KSINmEWKiPE4RKOplvijn+NkmYmmRgP68mc70j2EbeTFRsrswaQeg=="
        },
        "mime-db": {
          "version": "1.52.0",
          "resolved": "https://registry.npmjs.org/mime-db/-/mime-db-1.52.0.tgz",
          "integrity": "sha512-sPU4uV7dYlvtWJxwwxHD0PuihVNiE7TyAbQ5SWxDCB9mUYvOgroQOwYQQOKPJ8CIbE+1ETVlOoK1UC2nU3gYvg=="
        },
        "mime-types": {
          "version": "2.1.35",
          "resolved": "https://registry.npmjs.org/mime-types/-/mime-types-2.1.35.tgz",
          "integrity": "sha512-ZDY+bPm5zTTF+YpCrAU9nK0UgICYPT0QtT1NZWFv4s++TNkcgVaT0g6+4R2uI4MjQjzysHB1zxuWL50hzaeXiw==",
          "requires": {
            "mime-db": "1.52.0"
          }
        },
        "negotiator": {
          "version": "0.6.3",
          "resolved": "https://registry.npmjs.org/negotiator/-/negotiator-0.6.3.tgz",
          "integrity": "sha512-+EUsqGPLsM+j/zdChZjsnX51g4XrHFOIXwfnCVPGlQk/k5giakcKsuxCObBRu6DSm9opw/O6slWbJdghQM4bBg=="
        },
        "parseurl": {
          "version": "1.3.3",
          "resolved": "https://registry.npmjs.org/parseurl/-/parseurl-1.3.3.tgz",
          "integrity": "sha512-CiyeOxFT/JZyN5m0z9PfXw4SCBJ6Sygz1Dpl0wqjlhDEGGBP1GnsUVEL0p63hoG1fcj3fHynXi9NYO4nWOL+qQ=="
        },
        "proxy-addr": {
          "version": "2.0.7",
          "resolved": "https://registry.npmjs.org/proxy-addr/-/proxy-addr-2.0.7.tgz",
          "integrity": "sha512-llQsMLSUDUPT44jdrU/O37qlnifitDP+ZwrmmZcoSKyLKvtZxpyV0n2/bD/N4tBAAZ/gJEdZU7KMraoK1+XYAg==",
          "requires": {
            "forwarded": "0.2.0",
            "ipaddr.js": "1.9.1"
          }
        },
        "qs": {
          "version": "6.9.7",
          "resolved": "https://registry.npmjs.org/qs/-/qs-6.9.7.tgz",
          "integrity": "sha512-IhMFgUmuNpyRfxA90umL7ByLlgRXu6tIfKPpF5TmcfRLlLCckfP/g3IQmju6jjpu+Hh8rA+2p6A27ZSPOOHdKw=="
        },
        "range-parser": {
          "version": "1.2.1",
          "resolved": "https://registry.npmjs.org/range-parser/-/range-parser-1.2.1.tgz",
          "integrity": "sha512-Hrgsx+orqoygnmhFbKaHE6c296J+HTAQXoxEF6gNupROmmGJRoyzfG3ccAveqCBrwr/2yxQ5BVd/GTl5agOwSg=="
        },
        "raw-body": {
          "version": "2.4.3",
          "resolved": "https://registry.npmjs.org/raw-body/-/raw-body-2.4.3.tgz",
          "integrity": "sha512-UlTNLIcu0uzb4D2f4WltY6cVjLi+/jEN4lgEUj3E04tpMDpUlkBo/eSn6zou9hum2VMNpCCUone0O0WeJim07g==",
          "requires": {
            "bytes": "3.1.2",
            "http-errors": "1.8.1",
            "iconv-lite": "0.4.24",
            "unpipe": "1.0.0"
          }
        },
        "safe-buffer": {
          "version": "5.2.1",
          "resolved": "https://registry.npmjs.org/safe-buffer/-/safe-buffer-5.2.1.tgz",
          "integrity": "sha512-rp3So07KcdmmKbGvgaNxQSJr7bGVSVk5S9Eq1F+ppbRo70+YeaDxkw5Dd8NPN+GD6bjnYm2VuPuCXmpuYvmCXQ=="
        },
        "send": {
          "version": "0.17.2",
          "resolved": "https://registry.npmjs.org/send/-/send-0.17.2.tgz",
          "integrity": "sha512-UJYB6wFSJE3G00nEivR5rgWp8c2xXvJ3OPWPhmuteU0IKj8nKbG3DrjiOmLwpnHGYWAVwA69zmTm++YG0Hmwww==",
          "requires": {
            "debug": "2.6.9",
            "depd": "~1.1.2",
            "destroy": "~1.0.4",
            "encodeurl": "~1.0.2",
            "escape-html": "~1.0.3",
            "etag": "~1.8.1",
            "fresh": "0.5.2",
            "http-errors": "1.8.1",
            "mime": "1.6.0",
            "ms": "2.1.3",
            "on-finished": "~2.3.0",
            "range-parser": "~1.2.1",
            "statuses": "~1.5.0"
          },
          "dependencies": {
            "ms": {
              "version": "2.1.3",
              "resolved": "https://registry.npmjs.org/ms/-/ms-2.1.3.tgz",
              "integrity": "sha512-6FlzubTLZG3J2a/NVCAleEhjzq5oxgHyaCU9yYXvcLsvoVaHJq/s5xXI6/XXP6tz7R9xAOtHnSO/tXtF3WRTlA=="
            }
          }
        },
        "serve-static": {
          "version": "1.14.2",
          "resolved": "https://registry.npmjs.org/serve-static/-/serve-static-1.14.2.tgz",
          "integrity": "sha512-+TMNA9AFxUEGuC0z2mevogSnn9MXKb4fa7ngeRMJaaGv8vTwnIEkKi+QGvPt33HSnf8pRS+WGM0EbMtCJLKMBQ==",
          "requires": {
            "encodeurl": "~1.0.2",
            "escape-html": "~1.0.3",
            "parseurl": "~1.3.3",
            "send": "0.17.2"
          }
        },
        "setprototypeof": {
          "version": "1.2.0",
          "resolved": "https://registry.npmjs.org/setprototypeof/-/setprototypeof-1.2.0.tgz",
          "integrity": "sha512-E5LDX7Wrp85Kil5bhZv46j8jOeboKq5JMmYM3gVGdGH8xFpPWXUMsNrlODCrkoxMEeNi/XZIwuRvY4XNwYMJpw=="
        },
        "statuses": {
          "version": "1.5.0",
          "resolved": "https://registry.npmjs.org/statuses/-/statuses-1.5.0.tgz",
          "integrity": "sha512-OpZ3zP+jT1PI7I8nemJX4AKmAX070ZkYPVWV/AaKTJl+tXCTGyVdC1a4SL8RUQYEwk/f34ZX8UTykN68FwrqAA=="
        },
        "type-is": {
          "version": "1.6.18",
          "resolved": "https://registry.npmjs.org/type-is/-/type-is-1.6.18.tgz",
          "integrity": "sha512-TkRKr9sUTxEH8MdfuCSP7VizJyzRNMjj2J2do2Jr3Kym598JVdEksuzPQCnlFPW4ky9Q+iA+ma9BGm06XQBy8g==",
          "requires": {
            "media-typer": "0.3.0",
            "mime-types": "~2.1.24"
          }
        },
        "utils-merge": {
          "version": "1.0.1",
          "resolved": "https://registry.npmjs.org/utils-merge/-/utils-merge-1.0.1.tgz",
          "integrity": "sha512-pMZTvIkT1d+TFGvDOqodOclx0QWkkgi6Tdoa8gC8ffGAAqz9pzPTZWAybbsHHoED/ztMtkv/VoYTYyShUn81hA=="
        },
        "vary": {
          "version": "1.1.2",
          "resolved": "https://registry.npmjs.org/vary/-/vary-1.1.2.tgz",
          "integrity": "sha512-BNGbWLfd0eUPabhkXUVm0j8uuvREyTh5ovRa/dyow/BqAbZJyC+5fU+IzQOzmAKzYqYRAISoRhdQr3eIZ/PXqg=="
        }
      }
    },
    "extend": {
      "version": "3.0.1",
      "resolved": "https://registry.npmjs.org/extend/-/extend-3.0.1.tgz",
      "integrity": "sha1-p1Xqe8Gt/MWjHOfnYtuq3F5jZEQ="
    },
    "font-awesome": {
      "version": "4.7.0",
      "resolved": "https://registry.npmjs.org/font-awesome/-/font-awesome-4.7.0.tgz",
      "integrity": "sha1-j6jPBBGhoxr9B7BtKQK7n8gVoTM=",
      "dev": true
    },
    "format-number": {
      "version": "2.0.2",
      "resolved": "https://registry.npmjs.org/format-number/-/format-number-2.0.2.tgz",
      "integrity": "sha1-i+Kqb6bvXsQ4MIkrHa7nJwX5tGI="
    },
    "fs": {
      "version": "0.0.1-security",
      "resolved": "https://registry.npmjs.org/fs/-/fs-0.0.1-security.tgz",
      "integrity": "sha1-invTcYa23d84E/I4WLV+yq9eQdQ="
    },
    "gm": {
      "version": "1.23.0",
      "resolved": "https://registry.npmjs.org/gm/-/gm-1.23.0.tgz",
      "integrity": "sha1-gKL+nL8TFRUCSEZERlhGEmn1JmE=",
      "dependencies": {
        "debug": {
          "version": "2.2.0",
          "resolved": "https://registry.npmjs.org/debug/-/debug-2.2.0.tgz",
          "integrity": "sha1-+HBX6ZWxofauaklgZkE3vFbwOdo="
        },
        "ms": {
          "version": "0.7.1",
          "resolved": "https://registry.npmjs.org/ms/-/ms-0.7.1.tgz",
          "integrity": "sha1-nNE8A62/8ltl7/3nzoZO6VIBcJg="
        }
      }
    },
    "gulp": {
      "version": "3.9.1",
      "resolved": "https://registry.npmjs.org/gulp/-/gulp-3.9.1.tgz",
      "integrity": "sha1-VxzkWSjdQK9lFPxAEYZgFsE4RbQ=",
      "dev": true,
      "dependencies": {
        "minimist": {
          "version": "1.2.0",
          "resolved": "https://registry.npmjs.org/minimist/-/minimist-1.2.0.tgz",
          "integrity": "sha1-o1AIsg9BOD7sH7kU9M1d95omQoQ="
        },
        "semver": {
          "version": "4.3.6",
          "resolved": "https://registry.npmjs.org/semver/-/semver-4.3.6.tgz",
          "integrity": "sha1-MAvG4OhjdPe6YQaLWx7NV/xlMto="
        }
      }
    },
    "gulp-autoprefixer": {
      "version": "3.1.1",
      "resolved": "https://registry.npmjs.org/gulp-autoprefixer/-/gulp-autoprefixer-3.1.1.tgz",
      "integrity": "sha1-dSMAUc0NFxND14O36bXREg7u+bA=",
      "dev": true
    },
    "gulp-babel": {
      "version": "6.1.2",
      "resolved": "https://registry.npmjs.org/gulp-babel/-/gulp-babel-6.1.2.tgz",
      "integrity": "sha1-fAF25Lo/JExgWIoMSzIKRdGt784=",
      "dev": true
    },
    "gulp-browserify": {
      "version": "0.5.1",
      "resolved": "https://registry.npmjs.org/gulp-browserify/-/gulp-browserify-0.5.1.tgz",
      "integrity": "sha1-ggEIrCVUqVStuL4X0jlYsMBL4IM=",
      "dev": true,
      "dependencies": {
        "ansi-regex": {
          "version": "0.2.1",
          "resolved": "https://registry.npmjs.org/ansi-regex/-/ansi-regex-0.2.1.tgz",
          "integrity": "sha1-DY6UaWej2BQ/k+JOKYUl/BsiNfk="
        },
        "ansi-styles": {
          "version": "1.1.0",
          "resolved": "https://registry.npmjs.org/ansi-styles/-/ansi-styles-1.1.0.tgz",
          "integrity": "sha1-6uy/Zs1waIJ2Cy9GkVgrj1XXp94="
        },
        "chalk": {
          "version": "0.5.1",
          "resolved": "https://registry.npmjs.org/chalk/-/chalk-0.5.1.tgz",
          "integrity": "sha1-Zjs6ZItotV0EaQ1JFnqoN4WPIXQ="
        },
        "dateformat": {
          "version": "1.0.12",
          "resolved": "https://registry.npmjs.org/dateformat/-/dateformat-1.0.12.tgz",
          "integrity": "sha1-nxJLZ1lMk3/3BpMuSmQsyo27/uk="
        },
        "gulp-util": {
          "version": "2.2.20",
          "resolved": "https://registry.npmjs.org/gulp-util/-/gulp-util-2.2.20.tgz",
          "integrity": "sha1-1xRuVyiRC9jwR6awseVJvCLb1kw=",
          "dependencies": {
            "readable-stream": {
              "version": "1.0.34",
              "resolved": "https://registry.npmjs.org/readable-stream/-/readable-stream-1.0.34.tgz",
              "integrity": "sha1-Elgg40vIQtLyqq+v5MKRbuMsFXw="
            },
            "through2": {
              "version": "0.5.1",
              "resolved": "https://registry.npmjs.org/through2/-/through2-0.5.1.tgz",
              "integrity": "sha1-390BLrnHAOIyP9M084rGIqs3Lac="
            }
          }
        },
        "has-ansi": {
          "version": "0.1.0",
          "resolved": "https://registry.npmjs.org/has-ansi/-/has-ansi-0.1.0.tgz",
          "integrity": "sha1-hPJlqujA5qiKEtcCKJS3VoiUxi4="
        },
        "isarray": {
          "version": "0.0.1",
          "resolved": "https://registry.npmjs.org/isarray/-/isarray-0.0.1.tgz",
          "integrity": "sha1-ihis/Kmo9Bd+Cav8YDiTmwXR7t8="
        },
        "lodash._reinterpolate": {
          "version": "2.4.1",
          "resolved": "https://registry.npmjs.org/lodash._reinterpolate/-/lodash._reinterpolate-2.4.1.tgz",
          "integrity": "sha1-TxInqlqHEfxjL1sHofRgequLMiI="
        },
        "lodash.defaults": {
          "version": "2.4.1",
          "resolved": "https://registry.npmjs.org/lodash.defaults/-/lodash.defaults-2.4.1.tgz",
          "integrity": "sha1-p+iIXwXmiFEUS24SqPNngCa8TFQ="
        },
        "lodash.escape": {
          "version": "2.4.1",
          "resolved": "https://registry.npmjs.org/lodash.escape/-/lodash.escape-2.4.1.tgz",
          "integrity": "sha1-LOEsXghNsKV92l5dHu659dF1o7Q="
        },
        "lodash.keys": {
          "version": "2.4.1",
          "resolved": "https://registry.npmjs.org/lodash.keys/-/lodash.keys-2.4.1.tgz",
          "integrity": "sha1-SN6kbfj/djKxDXBrissmWR4rNyc="
        },
        "lodash.template": {
          "version": "2.4.1",
          "resolved": "https://registry.npmjs.org/lodash.template/-/lodash.template-2.4.1.tgz",
          "integrity": "sha1-nmEQB+32KRKal0qzxIuBez4c8g0="
        },
        "lodash.templatesettings": {
          "version": "2.4.1",
          "resolved": "https://registry.npmjs.org/lodash.templatesettings/-/lodash.templatesettings-2.4.1.tgz",
          "integrity": "sha1-6nbHXRHrhtTb6JqDiTu4YZKaxpk="
        },
        "minimist": {
          "version": "0.2.0",
          "resolved": "https://registry.npmjs.org/minimist/-/minimist-0.2.0.tgz",
          "integrity": "sha1-Tf/lJdriuGTGbC4jxicdev3s784="
        },
        "readable-stream": {
          "version": "1.1.14",
          "resolved": "https://registry.npmjs.org/readable-stream/-/readable-stream-1.1.14.tgz",
          "integrity": "sha1-fPTFTvZI44EwhMY23SB54WbAgdk="
        },
        "string_decoder": {
          "version": "0.10.31",
          "resolved": "https://registry.npmjs.org/string_decoder/-/string_decoder-0.10.31.tgz",
          "integrity": "sha1-YuIDvEF2bGwoyfyEMB2rHFMQ+pQ="
        },
        "strip-ansi": {
          "version": "0.3.0",
          "resolved": "https://registry.npmjs.org/strip-ansi/-/strip-ansi-0.3.0.tgz",
          "integrity": "sha1-JfSOoiynkYfzF0pNuHWTR7sSYiA="
        },
        "supports-color": {
          "version": "0.2.0",
          "resolved": "https://registry.npmjs.org/supports-color/-/supports-color-0.2.0.tgz",
          "integrity": "sha1-2S3iaU6z9nMjlz1649i1W0wiGQo="
        },
        "through2": {
          "version": "0.4.2",
          "resolved": "https://registry.npmjs.org/through2/-/through2-0.4.2.tgz",
          "integrity": "sha1-2/WGYDEVHsg1K7bE22SiKSqEC5s=",
          "dependencies": {
            "readable-stream": {
              "version": "1.0.34",
              "resolved": "https://registry.npmjs.org/readable-stream/-/readable-stream-1.0.34.tgz",
              "integrity": "sha1-Elgg40vIQtLyqq+v5MKRbuMsFXw="
            },
            "xtend": {
              "version": "2.1.2",
              "resolved": "https://registry.npmjs.org/xtend/-/xtend-2.1.2.tgz",
              "integrity": "sha1-bv7MKk2tjmlixJAbM3znuoe10os="
            }
          }
        },
        "vinyl": {
          "version": "0.2.3",
          "resolved": "https://registry.npmjs.org/vinyl/-/vinyl-0.2.3.tgz",
          "integrity": "sha1-vKk4IJWC7FpJrVOKAPofEl5RMlI="
        },
        "xtend": {
          "version": "3.0.0",
          "resolved": "https://registry.npmjs.org/xtend/-/xtend-3.0.0.tgz",
          "integrity": "sha1-XM50B7r2Qsunvs2laBEcST9ZZlo="
        }
      }
    },
    "gulp-clean-css": {
      "version": "3.4.1",
      "resolved": "https://registry.npmjs.org/gulp-clean-css/-/gulp-clean-css-3.4.1.tgz",
      "integrity": "sha1-thpEnqBWwDi43NyFcEGyOCsJsNU=",
      "dev": true
    },
    "gulp-eslint": {
      "version": "3.0.1",
      "resolved": "https://registry.npmjs.org/gulp-eslint/-/gulp-eslint-3.0.1.tgz",
      "integrity": "sha1-BOV+PhjGl0JnwSz2hV3HF9SjE70=",
      "dev": true
    },
    "gulp-help": {
      "version": "1.6.1",
      "resolved": "https://registry.npmjs.org/gulp-help/-/gulp-help-1.6.1.tgz",
      "integrity": "sha1-Jh2xhuGDl/7z9qLCLpwxW/qIrgw=",
      "dev": true,
      "dependencies": {
        "object-assign": {
          "version": "3.0.0",
          "resolved": "https://registry.npmjs.org/object-assign/-/object-assign-3.0.0.tgz",
          "integrity": "sha1-m+3VygiXlJvKR+f/QIBi1Un1h/I="
        }
      }
    },
    "gulp-imagemin": {
      "version": "3.3.0",
      "resolved": "https://registry.npmjs.org/gulp-imagemin/-/gulp-imagemin-3.3.0.tgz",
      "integrity": "sha1-xVdkwmBZPoWVYJ5mpAEmkR7yImQ=",
      "dev": true
    },
    "gulp-preprocess": {
      "version": "2.0.0",
      "resolved": "https://registry.npmjs.org/gulp-preprocess/-/gulp-preprocess-2.0.0.tgz",
      "integrity": "sha1-Bnv2pOG3A9e0XtIEfOfofVl00kE=",
      "dev": true,
      "dependencies": {
        "lodash": {
          "version": "3.10.1",
          "resolved": "https://registry.npmjs.org/lodash/-/lodash-3.10.1.tgz",
          "integrity": "sha1-W/Rejkm6QYnhfUgnid/RW9FAt7Y="
        }
      }
    },
    "gulp-rename": {
      "version": "1.2.2",
      "resolved": "https://registry.npmjs.org/gulp-rename/-/gulp-rename-1.2.2.tgz",
      "integrity": "sha1-OtRCh2PwXidk3sHGfYaNsnVoeBc=",
      "dev": true
    },
    "gulp-sass": {
      "version": "2.3.2",
      "resolved": "https://registry.npmjs.org/gulp-sass/-/gulp-sass-2.3.2.tgz",
      "integrity": "sha1-grerkP6QLNw0wE8YDZLyw0kC3VI=",
      "dev": true
    },
    "gulp-uglify": {
      "version": "1.5.4",
      "resolved": "https://registry.npmjs.org/gulp-uglify/-/gulp-uglify-1.5.4.tgz",
      "integrity": "sha1-UkeI2HZm0J+dDCH7IXf5ADmmWMk=",
      "dev": true,
      "dependencies": {
        "cliui": {
          "version": "2.1.0",
          "resolved": "https://registry.npmjs.org/cliui/-/cliui-2.1.0.tgz",
          "integrity": "sha1-S0dXYP+AJkx2LDoXGQMukcf+oNE="
        },
        "uglify-js": {
          "version": "2.6.4",
          "resolved": "https://registry.npmjs.org/uglify-js/-/uglify-js-2.6.4.tgz",
          "integrity": "sha1-ZeovswWck5RpLxX+2HwrNsFrmt8="
        },
        "wordwrap": {
          "version": "0.0.2",
          "resolved": "https://registry.npmjs.org/wordwrap/-/wordwrap-0.0.2.tgz",
          "integrity": "sha1-t5Zpu0LstAn4PVg8rVLKF+qhZD8="
        },
        "yargs": {
          "version": "3.10.0",
          "resolved": "https://registry.npmjs.org/yargs/-/yargs-3.10.0.tgz",
          "integrity": "sha1-9+572FfdfB0tOMDnTvvWgdFDH9E="
        }
      }
    },
    "gulp-watch": {
      "version": "4.3.11",
      "resolved": "https://registry.npmjs.org/gulp-watch/-/gulp-watch-4.3.11.tgz",
      "integrity": "sha1-Fi/FY96fx3DpH5p845VVE6mhGMA=",
      "dev": true,
      "dependencies": {
        "chokidar": {
          "version": "1.7.0",
          "resolved": "https://registry.npmjs.org/chokidar/-/chokidar-1.7.0.tgz",
          "integrity": "sha1-eY5ol3gVHIB2tLNg5e3SjNortGg=",
          "dependencies": {
            "glob-parent": {
              "version": "2.0.0",
              "resolved": "https://registry.npmjs.org/glob-parent/-/glob-parent-2.0.0.tgz",
              "integrity": "sha1-gTg9ctsFT8zPUzbaqQLxgvbtuyg="
            }
          }
        },
        "glob-parent": {
          "version": "3.1.0",
          "resolved": "https://registry.npmjs.org/glob-parent/-/glob-parent-3.1.0.tgz",
          "integrity": "sha1-nmr2KZ2NO9K9QEMIMr0RPfkGxa4=",
          "dependencies": {
            "is-glob": {
              "version": "3.1.0",
              "resolved": "https://registry.npmjs.org/is-glob/-/is-glob-3.1.0.tgz",
              "integrity": "sha1-e6WuJCF4BKxwcHuWkiVnSGzD6Eo="
            }
          }
        },
        "is-extglob": {
          "version": "2.1.1",
          "resolved": "https://registry.npmjs.org/is-extglob/-/is-extglob-2.1.1.tgz",
          "integrity": "sha1-qIwCU1eR8C7TfHahueqXc8gz+MI="
        },
        "vinyl": {
          "version": "1.2.0",
          "resolved": "https://registry.npmjs.org/vinyl/-/vinyl-1.2.0.tgz",
          "integrity": "sha1-XIgDbPVl5d8FVYv8kR+GVt8hiIQ="
        }
      }
    },
    "he": {
      "version": "1.1.1",
      "resolved": "https://registry.npmjs.org/he/-/he-1.1.1.tgz",
      "integrity": "sha1-k0EP0hsAlzUVH4howvJx80J+I/0="
    },
    "http-codes": {
      "version": "1.0.0",
      "resolved": "https://registry.npmjs.org/http-codes/-/http-codes-1.0.0.tgz",
      "integrity": "sha1-Wd1G88yzA33R4lSqZEqw+L4V8ng="
    },
    "jquery": {
      "version": "3.2.1",
      "resolved": "https://registry.npmjs.org/jquery/-/jquery-3.2.1.tgz",
      "integrity": "sha1-XE2d5lKvbNCncBVKYxu6ErAVx4c=",
      "dev": true
    },
    "js-cookie": {
      "version": "2.1.4",
      "resolved": "https://registry.npmjs.org/js-cookie/-/js-cookie-2.1.4.tgz",
      "integrity": "sha1-2k7FA4ZvFJ0WTPJfV57zEBUCXY0=",
      "dev": true
    },
    "jsonwebtoken": {
      "version": "7.4.1",
      "resolved": "https://registry.npmjs.org/jsonwebtoken/-/jsonwebtoken-7.4.1.tgz",
      "integrity": "sha1-fKMk9SFfi+A5zTWmxFu4y3SkSPs="
    },
    "jszip": {
      "version": "3.1.3",
      "resolved": "https://registry.npmjs.org/jszip/-/jszip-3.1.3.tgz",
      "integrity": "sha1-ipIEA7KxZRwPwSa+kBktkICVfDc=",
      "dependencies": {
        "readable-stream": {
          "version": "2.0.6",
          "resolved": "https://registry.npmjs.org/readable-stream/-/readable-stream-2.0.6.tgz",
          "integrity": "sha1-j5A0HmilPMySh4jaz80Rs265t44="
        },
        "string_decoder": {
          "version": "0.10.31",
          "resolved": "https://registry.npmjs.org/string_decoder/-/string_decoder-0.10.31.tgz",
          "integrity": "sha1-YuIDvEF2bGwoyfyEMB2rHFMQ+pQ="
        }
      }
    },
    "lunr": {
      "version": "1.0.0",
      "resolved": "https://registry.npmjs.org/lunr/-/lunr-1.0.0.tgz",
      "integrity": "sha1-XJJ2ySyRrDWpJBtQGNRnI9kuL18="
    },
    "marked": {
      "version": "0.3.6",
      "resolved": "https://registry.npmjs.org/marked/-/marked-0.3.6.tgz",
      "integrity": "sha1-ssbGGPzOzk74bE/Gy4p8v1rtqNc="
    },
    "media-typer": {
      "version": "0.3.0",
      "resolved": "https://registry.npmjs.org/media-typer/-/media-typer-0.3.0.tgz",
      "integrity": "sha1-hxDXrwqmJvj/+hzgAWhUUmMlV0g="
    },
    "merge-descriptors": {
      "version": "1.0.1",
      "resolved": "https://registry.npmjs.org/merge-descriptors/-/merge-descriptors-1.0.1.tgz",
      "integrity": "sha1-sAqqVW3YtEVoFQ7J0blT8/kMu2E="
    },
    "metaphor": {
      "version": "3.8.2",
      "resolved": "https://registry.npmjs.org/metaphor/-/metaphor-3.8.2.tgz",
      "integrity": "sha1-iWYhByOEU0wcjBbLNkMh7qdP/vI=",
      "dependencies": {
        "hoek": {
          "version": "4.1.1",
          "resolved": "https://registry.npmjs.org/hoek/-/hoek-4.1.1.tgz",
          "integrity": "sha1-nMVz/7ore0CPtenCoTeWvpTN3Ok="
        },
        "isemail": {
          "version": "2.2.1",
          "resolved": "https://registry.npmjs.org/isemail/-/isemail-2.2.1.tgz",
          "integrity": "sha1-A1PT2aYpUQgMJiwqoKQrjqjp4qY="
        },
        "joi": {
          "version": "10.5.2",
          "resolved": "https://registry.npmjs.org/joi/-/joi-10.5.2.tgz",
          "integrity": "sha512-Do/NXTokq86nvFfggE4UbwNnyzvALn3Ay+gMwQSAkrQoWTYc4LvkabhypVZiqDZq0TbtVhUpOphe4dmKB6/Pxg=="
        },
        "topo": {
          "version": "2.0.2",
          "resolved": "https://registry.npmjs.org/topo/-/topo-2.0.2.tgz",
          "integrity": "sha1-zVYVdSU5BXwNwEkaYhw7xvvh0YI="
        }
      }
    },
    "methods": {
      "version": "1.1.2",
      "resolved": "https://registry.npmjs.org/methods/-/methods-1.1.2.tgz",
      "integrity": "sha1-VSmk1nZUE07cxSZmVoNbD4Ua/O4="
    },
    "mime": {
      "version": "1.3.6",
      "resolved": "https://registry.npmjs.org/mime/-/mime-1.3.6.tgz",
      "integrity": "sha1-WR2E02U6awtKO5343lqoEI5y5eA="
    },
    "mkdirp": {
      "version": "0.5.1",
      "resolved": "https://registry.npmjs.org/mkdirp/-/mkdirp-0.5.1.tgz",
      "integrity": "sha1-MAV0OOrGz3+MR2fzhkjWaX11yQM="
    },
    "moment": {
      "version": "2.18.1",
      "resolved": "https://registry.npmjs.org/moment/-/moment-2.18.1.tgz",
      "integrity": "sha1-w2GT3Tzhwu7SrbfIAtu8d6gbHA8="
    },
    "moment-timezone": {
      "version": "0.5.13",
      "resolved": "https://registry.npmjs.org/moment-timezone/-/moment-timezone-0.5.13.tgz",
      "integrity": "sha1-mc5cfYJyYusPH3AgRBd/YHRde5A="
    },
    "ms": {
      "version": "2.0.0",
      "resolved": "https://registry.npmjs.org/ms/-/ms-2.0.0.tgz",
      "integrity": "sha1-VgiurfwAvmwpAd9fmGF4jeDVl8g="
    },
    "multer": {
      "version": "1.3.0",
      "resolved": "https://registry.npmjs.org/multer/-/multer-1.3.0.tgz",
      "integrity": "sha1-CSsmcPaEb6SRSWXvyM+Uwg/sbNI=",
      "dependencies": {
        "object-assign": {
          "version": "3.0.0",
          "resolved": "https://registry.npmjs.org/object-assign/-/object-assign-3.0.0.tgz",
          "integrity": "sha1-m+3VygiXlJvKR+f/QIBi1Un1h/I="
        }
      }
    },
    "nodemailer": {
      "version": "2.7.2",
      "resolved": "https://registry.npmjs.org/nodemailer/-/nodemailer-2.7.2.tgz",
      "integrity": "sha1-8kLmSa7q45tsftdA73sGHEBNMPk="
    },
    "nprogress": {
      "version": "0.2.0",
      "resolved": "https://registry.npmjs.org/nprogress/-/nprogress-0.2.0.tgz",
      "integrity": "sha1-y480xTIT2JVyP8urkH6UIq28r7E=",
      "dev": true
    },
    "on-finished": {
      "version": "2.3.0",
      "resolved": "https://registry.npmjs.org/on-finished/-/on-finished-2.3.0.tgz",
      "integrity": "sha1-IPEzZIGwg811M3mSoWlxqi2QaUc="
    },
    "path": {
      "version": "0.12.7",
      "resolved": "https://registry.npmjs.org/path/-/path-0.12.7.tgz",
      "integrity": "sha1-1NwqUGxM4hl+tIHr/NWzbAFAsQ8=",
      "dev": true,
      "dependencies": {
        "process": {
          "version": "0.11.10",
          "resolved": "https://registry.npmjs.org/process/-/process-0.11.10.tgz",
          "integrity": "sha1-czIwDoQBYb2j5podHZGn1LwW8YI="
        }
      }
    },
    "path-to-regexp": {
      "version": "0.1.7",
      "resolved": "https://registry.npmjs.org/path-to-regexp/-/path-to-regexp-0.1.7.tgz",
      "integrity": "sha1-32BBeABfUi8V60SQ5yR6G/qmf4w="
    },
    "recursive-readdir": {
      "version": "2.2.1",
      "resolved": "https://registry.npmjs.org/recursive-readdir/-/recursive-readdir-2.2.1.tgz",
      "integrity": "sha1-kO8jHQd4xc4JPJpI105cVCLROpk=",
      "dependencies": {
        "minimatch": {
          "version": "3.0.3",
          "resolved": "https://registry.npmjs.org/minimatch/-/minimatch-3.0.3.tgz",
          "integrity": "sha1-Kk5AkLlrLbBqnX3wEFWmKnfJt3Q="
        }
      }
    },
    "safer-buffer": {
      "version": "2.1.2",
      "resolved": "https://registry.npmjs.org/safer-buffer/-/safer-buffer-2.1.2.tgz",
      "integrity": "sha512-YZo3K82SD7Riyi0E1EQPojLz7kpepnSQI9IyPbHHg1XXXevb5dJI7tpyN2ADxGcQbHG7vcyRHk0cbwqcQriUtg=="
    },
    "sanitize-filename": {
      "version": "1.6.1",
      "resolved": "https://registry.npmjs.org/sanitize-filename/-/sanitize-filename-1.6.1.tgz",
      "integrity": "sha1-YS2hyWRz+gLczaktzVtKsWSmdyo="
    },
    "screenfull": {
      "version": "3.2.0",
      "resolved": "https://registry.npmjs.org/screenfull/-/screenfull-3.2.0.tgz",
      "integrity": "sha1-pNZjfFfkdJ7TLq9EIyJtQ6mcwRs=",
      "dev": true
    },
    "selectize": {
      "version": "0.12.4",
      "resolved": "https://registry.npmjs.org/selectize/-/selectize-0.12.4.tgz",
      "integrity": "sha1-UMaXUmtgneoR2hU89yUrmJSPTA4=",
      "dev": true
    },
    "sequelize": {
      "version": "3.30.4",
      "resolved": "https://registry.npmjs.org/sequelize/-/sequelize-3.30.4.tgz",
      "integrity": "sha1-vaLfHjGFSwmeQUmhEen8Clyh0aQ="
    },
    "slugify": {
      "version": "1.1.0",
      "resolved": "https://registry.npmjs.org/slugify/-/slugify-1.1.0.tgz",
      "integrity": "sha1-flsJONUrXvqxh4JH7w9qTwXbfuA="
    },
    "sortablejs": {
      "version": "1.6.0",
      "resolved": "https://registry.npmjs.org/sortablejs/-/sortablejs-1.6.0.tgz",
      "integrity": "sha1-CXzBkmchivLKHNRV7YWPOAE2q2g=",
      "dev": true
    },
    "sqlite3": {
      "version": "3.1.8",
      "resolved": "https://registry.npmjs.org/sqlite3/-/sqlite3-3.1.8.tgz",
      "integrity": "sha1-TLz5Zdi5AdGxAVy8f8QVquFX36o=",
      "dependencies": {
        "nan": {
          "version": "2.4.0",
          "resolved": "https://registry.npmjs.org/nan/-/nan-2.4.0.tgz",
          "integrity": "sha1-+zxZ1F/k7/4hXwuJD4rfbrMtIjI="
        }
      }
    },
    "striptags": {
      "version": "2.2.1",
      "resolved": "https://registry.npmjs.org/striptags/-/striptags-2.2.1.tgz",
      "integrity": "sha1-TEULcI1BuL85zyTEn/I0/Gqr/TI="
    },
    "tether": {
      "version": "1.4.0",
      "resolved": "https://registry.npmjs.org/tether/-/tether-1.4.0.tgz",
      "integrity": "sha1-D5+hcfdb9YSF2BSelHmdeudNHBo=",
      "dev": true
    },
    "tinymce": {
      "version": "4.6.3",
      "resolved": "https://registry.npmjs.org/tinymce/-/tinymce-4.6.3.tgz",
      "integrity": "sha1-lK0k6tTxOTjAkDr9L/RpwLZVYj4=",
      "dev": true
    },
    "tmp": {
      "version": "0.0.31",
      "resolved": "https://registry.npmjs.org/tmp/-/tmp-0.0.31.tgz",
      "integrity": "sha1-jzirlDjhcxXl29izZX6L+yd65Kc="
    },
    "toidentifier": {
      "version": "1.0.1",
      "resolved": "https://registry.npmjs.org/toidentifier/-/toidentifier-1.0.1.tgz",
      "integrity": "sha512-o5sSPKEkg/DIQNmH43V0/uerLrpzVedkUh8tGNvaeXpfpuwjKenlSox/2O/BTlZUtEe+JG7s5YhEz608PlAHRA=="
    },
    "trim": {
      "version": "0.0.1",
      "resolved": "https://registry.npmjs.org/trim/-/trim-0.0.1.tgz",
      "integrity": "sha1-WFhUf2spB1fulczMZm+1AITEYN0="
    },
    "truncate-html": {
      "version": "0.1.4",
      "resolved": "https://registry.npmjs.org/truncate-html/-/truncate-html-0.1.4.tgz",
      "integrity": "sha1-GLTGwPGPWxeWW6e9kO05uKR1Boo=",
      "dependencies": {
        "cheerio": {
          "version": "0.19.0",
          "resolved": "https://registry.npmjs.org/cheerio/-/cheerio-0.19.0.tgz",
          "integrity": "sha1-dy5wFfLuKZZQltcepBdbdas1SSU="
        },
        "css-select": {
          "version": "1.0.0",
          "resolved": "https://registry.npmjs.org/css-select/-/css-select-1.0.0.tgz",
          "integrity": "sha1-sRIcpRhI3SZOIkTQWM7iVN7rRLA="
        },
        "css-what": {
          "version": "1.0.0",
          "resolved": "https://registry.npmjs.org/css-what/-/css-what-1.0.0.tgz",
          "integrity": "sha1-18wt9FGAZm+Z0rFEYmOUaeAPc2w="
        },
        "domhandler": {
          "version": "2.3.0",
          "resolved": "https://registry.npmjs.org/domhandler/-/domhandler-2.3.0.tgz",
          "integrity": "sha1-LeWaCCLVAn+r/28DLCsloqir5zg="
        },
        "domutils": {
          "version": "1.4.3",
          "resolved": "https://registry.npmjs.org/domutils/-/domutils-1.4.3.tgz",
          "integrity": "sha1-CGVRN5bGswYDGFDhdVFrr4C3Km8="
        },
        "htmlparser2": {
          "version": "3.8.3",
          "resolved": "https://registry.npmjs.org/htmlparser2/-/htmlparser2-3.8.3.tgz",
          "integrity": "sha1-mWwosZFRaovoZQGn15dX5ccMEGg=",
          "dependencies": {
            "domutils": {
              "version": "1.5.1",
              "resolved": "https://registry.npmjs.org/domutils/-/domutils-1.5.1.tgz",
              "integrity": "sha1-3NhIiib1Y9YQeeSMn3t+Mjc2gs8="
            },
            "entities": {
              "version": "1.0.0",
              "resolved": "https://registry.npmjs.org/entities/-/entities-1.0.0.tgz",
              "integrity": "sha1-sph6o4ITR/zeZCsk/fyeT7cSvyY="
            }
          }
        },
        "isarray": {
          "version": "0.0.1",
          "resolved": "https://registry.npmjs.org/isarray/-/isarray-0.0.1.tgz",
          "integrity": "sha1-ihis/Kmo9Bd+Cav8YDiTmwXR7t8="
        },
        "lodash": {
          "version": "3.10.1",
          "resolved": "https://registry.npmjs.org/lodash/-/lodash-3.10.1.tgz",
          "integrity": "sha1-W/Rejkm6QYnhfUgnid/RW9FAt7Y="
        },
        "readable-stream": {
          "version": "1.1.14",
          "resolved": "https://registry.npmjs.org/readable-stream/-/readable-stream-1.1.14.tgz",
          "integrity": "sha1-fPTFTvZI44EwhMY23SB54WbAgdk="
        },
        "string_decoder": {
          "version": "0.10.31",
          "resolved": "https://registry.npmjs.org/string_decoder/-/string_decoder-0.10.31.tgz",
          "integrity": "sha1-YuIDvEF2bGwoyfyEMB2rHFMQ+pQ="
        }
      }
    },
    "typeahead.js": {
      "version": "0.11.1",
      "resolved": "https://registry.npmjs.org/typeahead.js/-/typeahead.js-0.11.1.tgz",
      "integrity": "sha1-TmTmcbIjEKhgb0rsgFkkuoSwFbg=",
      "dev": true
    },
    "undo-manager": {
      "version": "1.0.5",
      "resolved": "https://registry.npmjs.org/undo-manager/-/undo-manager-1.0.5.tgz",
      "integrity": "sha1-w0jPW710XQ1RY79zPZXyDsDKpxw="
    },
    "unpipe": {
      "version": "1.0.0",
      "resolved": "https://registry.npmjs.org/unpipe/-/unpipe-1.0.0.tgz",
      "integrity": "sha1-sr9O6FFKrmFltIF4KdIbLvSZBOw="
    },
    "url": {
      "version": "0.11.0",
      "resolved": "https://registry.npmjs.org/url/-/url-0.11.0.tgz",
      "integrity": "sha1-ODjpfPxgUh63PFJajlW/3Z4uKPE=",
      "dependencies": {
        "punycode": {
          "version": "1.3.2",
          "resolved": "https://registry.npmjs.org/punycode/-/punycode-1.3.2.tgz",
          "integrity": "sha1-llOgNvt8HuQjQvIyXM7v6jkmxI0="
        }
      }
    }
  }
}
